
Microsoft Visual Studio Solution File, Format Version 12.00
# Visual Studio Version 17
VisualStudioVersion = 17.9.34714.143
MinimumVisualStudioVersion = 10.0.40219.1
Project("{9A19103F-16F7-4668-BE54-9A1E7A4F7556}") = "ListBoxStyleTesting.Desktop", "ListBoxStyleTesting.Desktop\ListBoxStyleTesting.Desktop.csproj", "{63F08EB0-FCB0-44A3-AB1C-D913EFADA556}"
EndProject
Project("{9A19103F-16F7-4668-BE54-9A1E7A4F7556}") = "ListBoxStyleTesting", "ListBoxStyleTesting.Core\ListBoxStyleTesting.csproj", "{2AFA42AA-7A2A-4418-80E1-8E26724DC275}"
EndProject
Global
	GlobalSection(SolutionConfigurationPlatforms) = preSolution
		Debug|Any CPU = Debug|Any CPU
		Release|Any CPU = Release|Any CPU
	EndGlobalSection
	GlobalSection(ProjectConfigurationPlatforms) = postSolution
		{63F08EB0-FCB0-44A3-AB1C-D913EFADA556}.Debug|Any CPU.ActiveCfg = Debug|Any CPU
		{63F08EB0-FCB0-44A3-AB1C-D913EFADA556}.Debug|Any CPU.Build.0 = Debug|Any CPU
		{63F08EB0-FCB0-44A3-AB1C-D913EFADA556}.Release|Any CPU.ActiveCfg = Release|Any CPU
		{63F08EB0-FCB0-44A3-AB1C-D913EFADA556}.Release|Any CPU.Build.0 = Release|Any CPU
		{2AFA42AA-7A2A-4418-80E1-8E26724DC275}.Debug|Any CPU.ActiveCfg = Debug|Any CPU
		{2AFA42AA-7A2A-4418-80E1-8E26724DC275}.Debug|Any CPU.Build.0 = Debug|Any CPU
		{2AFA42AA-7A2A-4418-80E1-8E26724DC275}.Release|Any CPU.ActiveCfg = Release|Any CPU
		{2AFA42AA-7A2A-4418-80E1-8E26724DC275}.Release|Any CPU.Build.0 = Release|Any CPU
	EndGlobalSection
	GlobalSection(SolutionProperties) = preSolution
		HideSolutionNode = FALSE
	EndGlobalSection
	GlobalSection(ExtensibilityGlobals) = postSolution
		SolutionGuid = {EB741263-A0FF-40D7-A823-0FD9355C3363}
	EndGlobalSection
EndGlobal
